// !$*UTF8*$!
{
	archiveVersion = 1;
	classes = {
	};
	objectVersion = 46;
	objects = {

/* Begin PBXBuildFile section */
		5A30232C1D229229006373C0 /* AppDelegate.swift in Sources */ = {isa = PBXBuildFile; fileRef = 5A30232B1D229229006373C0 /* AppDelegate.swift */; };
		5A30232E1D229229006373C0 /* RecordSoundsViewController.swift in Sources */ = {isa = PBXBuildFile; fileRef = 5A30232D1D229229006373C0 /* RecordSoundsViewController.swift */; };
		5A3023311D229229006373C0 /* Main.storyboard in Resources */ = {isa = PBXBuildFile; fileRef = 5A30232F1D229229006373C0 /* Main.storyboard */; };
		5A3023331D229229006373C0 /* Assets.xcassets in Resources */ = {isa = PBXBuildFile; fileRef = 5A3023321D229229006373C0 /* Assets.xcassets */; };
		5A3023361D229229006373C0 /* LaunchScreen.storyboard in Resources */ = {isa = PBXBuildFile; fileRef = 5A3023341D229229006373C0 /* LaunchScreen.storyboard */; };
		5A3023411D229229006373C0 /* PitchPerfectTests.swift in Sources */ = {isa = PBXBuildFile; fileRef = 5A3023401D229229006373C0 /* PitchPerfectTests.swift */; };
		5A30234C1D229229006373C0 /* PitchPerfectUITests.swift in Sources */ = {isa = PBXBuildFile; fileRef = 5A30234B1D229229006373C0 /* PitchPerfectUITests.swift */; };
		5A30235D1D25D7B9006373C0 /* PlaySoundsViewController.swift in Sources */ = {isa = PBXBuildFile; fileRef = 5A30235C1D25D7B9006373C0 /* PlaySoundsViewController.swift */; };
		5A30235F1D25E1D8006373C0 /* PlaySoundsViewController+Audio.swift in Sources */ = {isa = PBXBuildFile; fileRef = 5A30235E1D25E1D8006373C0 /* PlaySoundsViewController+Audio.swift */; };
/* End PBXBuildFile section */

/* Begin PBXContainerItemProxy section */
		5A30233D1D229229006373C0 /* PBXContainerItemProxy */ = {
			isa = PBXContainerItemProxy;
			containerPortal = 5A3023201D229229006373C0 /* Project object */;
			proxyType = 1;
			remoteGlobalIDString = 5A3023271D229229006373C0;
			remoteInfo = PitchPerfect;
		};
		5A3023481D229229006373C0 /* PBXContainerItemProxy */ = {
			isa = PBXContainerItemProxy;
			containerPortal = 5A3023201D229229006373C0 /* Project object */;
			proxyType = 1;
			remoteGlobalIDString = 5A3023271D229229006373C0;
			remoteInfo = PitchPerfect;
		};
/* End PBXContainerItemProxy section */

/* Begin PBXFileReference section */
		5A3023281D229229006373C0 /* PitchPerfect.app */ = {isa = PBXFileReference; explicitFileType = wrapper.application; includeInIndex = 0; path = PitchPerfect.app; sourceTree = BUILT_PRODUCTS_DIR; };
		5A30232B1D229229006373C0 /* AppDelegate.swift */ = {isa = PBXFileReference; lastKnownFileType = sourcecode.swift; path = AppDelegate.swift; sourceTree = "<group>"; };
		5A30232D1D229229006373C0 /* RecordSoundsViewController.swift */ = {isa = PBXFileReference; lastKnownFileType = sourcecode.swift; path = RecordSoundsViewController.swift; sourceTree = "<group>"; };
		5A3023301D229229006373C0 /* Base */ = {isa = PBXFileReference; lastKnownFileType = file.storyboard; name = Base; path = Base.lproj/Main.storyboard; sourceTree = "<group>"; };
		5A3023321D229229006373C0 /* Assets.xcassets */ = {isa = PBXFileReference; lastKnownFileType = folder.assetcatalog; path = Assets.xcassets; sourceTree = "<group>"; };
		5A3023351D229229006373C0 /* Base */ = {isa = PBXFileReference; lastKnownFileType = file.storyboard; name = Base; path = Base.lproj/LaunchScreen.storyboard; sourceTree = "<group>"; };
		5A3023371D229229006373C0 /* Info.plist */ = {isa = PBXFileReference; lastKnownFileType = text.plist.xml; path = Info.plist; sourceTree = "<group>"; };
		5A30233C1D229229006373C0 /* PitchPerfectTests.xctest */ = {isa = PBXFileReference; explicitFileType = wrapper.cfbundle; includeInIndex = 0; path = PitchPerfectTests.xctest; sourceTree = BUILT_PRODUCTS_DIR; };
		5A3023401D229229006373C0 /* PitchPerfectTests.swift */ = {isa = PBXFileReference; lastKnownFileType = sourcecode.swift; path = PitchPerfectTests.swift; sourceTree = "<group>"; };
		5A3023421D229229006373C0 /* Info.plist */ = {isa = PBXFileReference; lastKnownFileType = text.plist.xml; path = Info.plist; sourceTree = "<group>"; };
		5A3023471D229229006373C0 /* PitchPerfectUITests.xctest */ = {isa = PBXFileReference; explicitFileType = wrapper.cfbundle; includeInIndex = 0; path = PitchPerfectUITests.xctest; sourceTree = BUILT_PRODUCTS_DIR; };
		5A30234B1D229229006373C0 /* PitchPerfectUITests.swift */ = {isa = PBXFileReference; lastKnownFileType = sourcecode.swift; path = PitchPerfectUITests.swift; sourceTree = "<group>"; };
		5A30234D1D229229006373C0 /* Info.plist */ = {isa = PBXFileReference; lastKnownFileType = text.plist.xml; path = Info.plist; sourceTree = "<group>"; };
		5A30235C1D25D7B9006373C0 /* PlaySoundsViewController.swift */ = {isa = PBXFileReference; fileEncoding = 4; lastKnownFileType = sourcecode.swift; path = PlaySoundsViewController.swift; sourceTree = "<group>"; };
		5A30235E1D25E1D8006373C0 /* PlaySoundsViewController+Audio.swift */ = {isa = PBXFileReference; fileEncoding = 4; lastKnownFileType = sourcecode.swift; path = "PlaySoundsViewController+Audio.swift"; sourceTree = "<group>"; };
/* End PBXFileReference section */

/* Begin PBXFrameworksBuildPhase section */
		5A3023251D229229006373C0 /* Frameworks */ = {
			isa = PBXFrameworksBuildPhase;
			buildActionMask = 2147483647;
			files = (
			);
			runOnlyForDeploymentPostprocessing = 0;
		};
		5A3023391D229229006373C0 /* Frameworks */ = {
			isa = PBXFrameworksBuildPhase;
			buildActionMask = 2147483647;
			files = (
			);
			runOnlyForDeploymentPostprocessing = 0;
		};
		5A3023441D229229006373C0 /* Frameworks */ = {
			isa = PBXFrameworksBuildPhase;
			buildActionMask = 2147483647;
			files = (
			);
			runOnlyForDeploymentPostprocessing = 0;
		};
/* End PBXFrameworksBuildPhase section */

/* Begin PBXGroup section */
		5A30231F1D229229006373C0 = {
			isa = PBXGroup;
			children = (
				5A30232A1D229229006373C0 /* PitchPerfect */,
				5A30233F1D229229006373C0 /* PitchPerfectTests */,
				5A30234A1D229229006373C0 /* PitchPerfectUITests */,
				5A3023291D229229006373C0 /* Products */,
			);
			sourceTree = "<group>";
		};
		5A3023291D229229006373C0 /* Products */ = {
			isa = PBXGroup;
			children = (
				5A3023281D229229006373C0 /* PitchPerfect.app */,
				5A30233C1D229229006373C0 /* PitchPerfectTests.xctest */,
				5A3023471D229229006373C0 /* PitchPerfectUITests.xctest */,
			);
			name = Products;
			sourceTree = "<group>";
		};
		5A30232A1D229229006373C0 /* PitchPerfect */ = {
			isa = PBXGroup;
			children = (
				5A30232B1D229229006373C0 /* AppDelegate.swift */,
				5A30235E1D25E1D8006373C0 /* PlaySoundsViewController+Audio.swift */,
				5A30232D1D229229006373C0 /* RecordSoundsViewController.swift */,
				5A30232F1D229229006373C0 /* Main.storyboard */,
				5A3023321D229229006373C0 /* Assets.xcassets */,
				5A3023341D229229006373C0 /* LaunchScreen.storyboard */,
				5A3023371D229229006373C0 /* Info.plist */,
				5A30235C1D25D7B9006373C0 /* PlaySoundsViewController.swift */,
			);
			path = PitchPerfect;
			sourceTree = "<group>";
		};
		5A30233F1D229229006373C0 /* PitchPerfectTests */ = {
			isa = PBXGroup;
			children = (
				5A3023401D229229006373C0 /* PitchPerfectTests.swift */,
				5A3023421D229229006373C0 /* Info.plist */,
			);
			path = PitchPerfectTests;
			sourceTree = "<group>";
		};
		5A30234A1D229229006373C0 /* PitchPerfectUITests */ = {
			isa = PBXGroup;
			children = (
				5A30234B1D229229006373C0 /* PitchPerfectUITests.swift */,
				5A30234D1D229229006373C0 /* Info.plist */,
			);
			path = PitchPerfectUITests;
			sourceTree = "<group>";
		};
/* End PBXGroup section */

/* Begin PBXNativeTarget section */
		5A3023271D229229006373C0 /* PitchPerfect */ = {
			isa = PBXNativeTarget;
			buildConfigurationList = 5A3023501D229229006373C0 /* Build configuration list for PBXNativeTarget "PitchPerfect" */;
			buildPhases = (
				5A3023241D229229006373C0 /* Sources */,
				5A3023251D229229006373C0 /* Frameworks */,
				5A3023261D229229006373C0 /* Resources */,
			);
			buildRules = (
			);
			dependencies = (
			);
			name = PitchPerfect;
			productName = PitchPerfect;
			productReference = 5A3023281D229229006373C0 /* PitchPerfect.app */;
			productType = "com.apple.product-type.application";
		};
		5A30233B1D229229006373C0 /* PitchPerfectTests */ = {
			isa = PBXNativeTarget;
			buildConfigurationList = 5A3023531D229229006373C0 /* Build configuration list for PBXNativeTarget "PitchPerfectTests" */;
			buildPhases = (
				5A3023381D229229006373C0 /* Sources */,
				5A3023391D229229006373C0 /* Frameworks */,
				5A30233A1D229229006373C0 /* Resources */,
			);
			buildRules = (
			);
			dependencies = (
				5A30233E1D229229006373C0 /* PBXTargetDependency */,
			);
			name = PitchPerfectTests;
			productName = PitchPerfectTests;
			productReference = 5A30233C1D229229006373C0 /* PitchPerfectTests.xctest */;
			productType = "com.apple.product-type.bundle.unit-test";
		};
		5A3023461D229229006373C0 /* PitchPerfectUITests */ = {
			isa = PBXNativeTarget;
			buildConfigurationList = 5A3023561D229229006373C0 /* Build configuration list for PBXNativeTarget "PitchPerfectUITests" */;
			buildPhases = (
				5A3023431D229229006373C0 /* Sources */,
				5A3023441D229229006373C0 /* Frameworks */,
				5A3023451D229229006373C0 /* Resources */,
			);
			buildRules = (
			);
			dependencies = (
				5A3023491D229229006373C0 /* PBXTargetDependency */,
			);
			name = PitchPerfectUITests;
			productName = PitchPerfectUITests;
			productReference = 5A3023471D229229006373C0 /* PitchPerfectUITests.xctest */;
			productType = "com.apple.product-type.bundle.ui-testing";
		};
/* End PBXNativeTarget section */

/* Begin PBXProject section */
		5A3023201D229229006373C0 /* Project object */ = {
			isa = PBXProject;
			attributes = {
				LastSwiftUpdateCheck = 0730;
				LastUpgradeCheck = 0730;
				ORGANIZATIONNAME = "Noah Patterson";
				TargetAttributes = {
					5A3023271D229229006373C0 = {
						CreatedOnToolsVersion = 7.3.1;
						DevelopmentTeam = L4U489Q2PR;
					};
					5A30233B1D229229006373C0 = {
						CreatedOnToolsVersion = 7.3.1;
						TestTargetID = 5A3023271D229229006373C0;
					};
					5A3023461D229229006373C0 = {
						CreatedOnToolsVersion = 7.3.1;
						TestTargetID = 5A3023271D229229006373C0;
					};
				};
			};
			buildConfigurationList = 5A3023231D229229006373C0 /* Build configuration list for PBXProject "PitchPerfect" */;
			compatibilityVersion = "Xcode 3.2";
			developmentRegion = English;
			hasScannedForEncodings = 0;
			knownRegions = (
				en,
				Base,
			);
			mainGroup = 5A30231F1D229229006373C0;
			productRefGroup = 5A3023291D229229006373C0 /* Products */;
			projectDirPath = "";
			projectRoot = "";
			targets = (
				5A3023271D229229006373C0 /* PitchPerfect */,
				5A30233B1D229229006373C0 /* PitchPerfectTests */,
				5A3023461D229229006373C0 /* PitchPerfectUITests */,
			);
		};
/* End PBXProject section */

/* Begin PBXResourcesBuildPhase section */
		5A3023261D229229006373C0 /* Resources */ = {
			isa = PBXResourcesBuildPhase;
			buildActionMask = 2147483647;
			files = (
				5A3023361D229229006373C0 /* LaunchScreen.storyboard in Resources */,
				5A3023331D229229006373C0 /* Assets.xcassets in Resources */,
				5A3023311D229229006373C0 /* Main.storyboard in Resources */,
			);
			runOnlyForDeploymentPostprocessing = 0;
		};
		5A30233A1D229229006373C0 /* Resources */ = {
			isa = PBXResourcesBuildPhase;
			buildActionMask = 2147483647;
			files = (
			);
			runOnlyForDeploymentPostprocessing = 0;
		};
		5A3023451D229229006373C0 /* Resources */ = {
			isa = PBXResourcesBuildPhase;
			buildActionMask = 2147483647;
			files = (
			);
			runOnlyForDeploymentPostprocessing = 0;
		};
/* End PBXResourcesBuildPhase section */

/* Begin PBXSourcesBuildPhase section */
		5A3023241D229229006373C0 /* Sources */ = {
			isa = PBXSourcesBuildPhase;
			buildActionMask = 2147483647;
			files = (
				5A30232E1D229229006373C0 /* RecordSoundsViewController.swift in Sources */,
				5A30235F1D25E1D8006373C0 /* PlaySoundsViewController+Audio.swift in Sources */,
				5A30235D1D25D7B9006373C0 /* PlaySoundsViewController.swift in Sources */,
				5A30232C1D229229006373C0 /* AppDelegate.swift in Sources */,
			);
			runOnlyForDeploymentPostprocessing = 0;
		};
		5A3023381D229229006373C0 /* Sources */ = {
			isa = PBXSourcesBuildPhase;
			buildActionMask = 2147483647;
			files = (
				5A3023411D229229006373C0 /* PitchPerfectTests.swift in Sources */,
			);
			runOnlyForDeploymentPostprocessing = 0;
		};
		5A3023431D229229006373C0 /* Sources */ = {
			isa = PBXSourcesBuildPhase;
			buildActionMask = 2147483647;
			files = (
				5A30234C1D229229006373C0 /* PitchPerfectUITests.swift in Sources */,
			);
			runOnlyForDeploymentPostprocessing = 0;
		};
/* End PBXSourcesBuildPhase section */

/* Begin PBXTargetDependency section */
		5A30233E1D229229006373C0 /* PBXTargetDependency */ = {
			isa = PBXTargetDependency;
			target = 5A3023271D229229006373C0 /* PitchPerfect */;
			targetProxy = 5A30233D1D229229006373C0 /* PBXContainerItemProxy */;
		};
		5A3023491D229229006373C0 /* PBXTargetDependency */ = {
			isa = PBXTargetDependency;
			target = 5A3023271D229229006373C0 /* PitchPerfect */;
			targetProxy = 5A3023481D229229006373C0 /* PBXContainerItemProxy */;
		};
/* End PBXTargetDependency section */

/* Begin PBXVariantGroup section */
		5A30232F1D229229006373C0 /* Main.storyboard */ = {
			isa = PBXVariantGroup;
			children = (
				5A3023301D229229006373C0 /* Base */,
			);
			name = Main.storyboard;
			sourceTree = "<group>";
		};
		5A3023341D229229006373C0 /* LaunchScreen.storyboard */ = {
			isa = PBXVariantGroup;
			children = (
				5A3023351D229229006373C0 /* Base */,
			);
			name = LaunchScreen.storyboard;
			sourceTree = "<group>";
		};
/* End PBXVariantGroup section */

/* Begin XCBuildConfiguration section */
		5A30234E1D229229006373C0 /* Debug */ = {
			isa = XCBuildConfiguration;
			buildSettings = {
				ALWAYS_SEARCH_USER_PATHS = NO;
				CLANG_ANALYZER_NONNULL = YES;
				CLANG_CXX_LANGUAGE_STANDARD = "gnu++0x";
				CLANG_CXX_LIBRARY = "libc++";
				CLANG_ENABLE_MODULES = YES;
				CLANG_ENABLE_OBJC_ARC = YES;
				CLANG_WARN_BOOL_CONVERSION = YES;
				CLANG_WARN_CONSTANT_CONVERSION = YES;
				CLANG_WARN_DIRECT_OBJC_ISA_USAGE = YES_ERROR;
				CLANG_WARN_EMPTY_BODY = YES;
				CLANG_WARN_ENUM_CONVERSION = YES;
				CLANG_WARN_INT_CONVERSION = YES;
				CLANG_WARN_OBJC_ROOT_CLASS = YES_ERROR;
				CLANG_WARN_UNREACHABLE_CODE = YES;
				CLANG_WARN__DUPLICATE_METHOD_MATCH = YES;
				"CODE_SIGN_IDENTITY[sdk=iphoneos*]" = "iPhone Developer";
				COPY_PHASE_STRIP = NO;
				DEBUG_INFORMATION_FORMAT = dwarf;
				ENABLE_STRICT_OBJC_MSGSEND = YES;
				ENABLE_TESTABILITY = YES;
				GCC_C_LANGUAGE_STANDARD = gnu99;
				GCC_DYNAMIC_NO_PIC = NO;
				GCC_NO_COMMON_BLOCKS = YES;
				GCC_OPTIMIZATION_LEVEL = 0;
				GCC_PREPROCESSOR_DEFINITIONS = (
					"DEBUG=1",
					"$(inherited)",
				);
				GCC_WARN_64_TO_32_BIT_CONVERSION = YES;
				GCC_WARN_ABOUT_RETURN_TYPE = YES_ERROR;
				GCC_WARN_UNDECLARED_SELECTOR = YES;
				GCC_WARN_UNINITIALIZED_AUTOS = YES_AGGRESSIVE;
				GCC_WARN_UNUSED_FUNCTION = YES;
				GCC_WARN_UNUSED_VARIABLE = YES;
				IPHONEOS_DEPLOYMENT_TARGET = 9.3;
				MTL_ENABLE_DEBUG_INFO = YES;
				ONLY_ACTIVE_ARCH = YES;
				SDKROOT = iphoneos;
				SWIFT_OPTIMIZATION_LEVEL = "-Onone";
				TARGETED_DEVICE_FAMILY = "1,2";
			};
			name = Debug;
		};
		5A30234F1D229229006373C0 /* Release */ = {
			isa = XCBuildConfiguration;
			buildSettings = {
				ALWAYS_SEARCH_USER_PATHS = NO;
				CLANG_ANALYZER_NONNULL = YES;
				CLANG_CXX_LANGUAGE_STANDARD = "gnu++0x";
				CLANG_CXX_LIBRARY = "libc++";
				CLANG_ENABLE_MODULES = YES;
				CLANG_ENABLE_OBJC_ARC = YES;
				CLANG_WARN_BOOL_CONVERSION = YES;
				CLANG_WARN_CONSTANT_CONVERSION = YES;
				CLANG_WARN_DIRECT_OBJC_ISA_USAGE = YES_ERROR;
				CLANG_WARN_EMPTY_BODY = YES;
				CLANG_WARN_ENUM_CONVERSION = YES;
				CLANG_WARN_INT_CONVERSION = YES;
				CLANG_WARN_OBJC_ROOT_CLASS = YES_ERROR;
				CLANG_WARN_UNREACHABLE_CODE = YES;
				CLANG_WARN__DUPLICATE_METHOD_MATCH = YES;
				"CODE_SIGN_IDENTITY[sdk=iphoneos*]" = "iPhone Developer";
				COPY_PHASE_STRIP = NO;
				DEBUG_INFORMATION_FORMAT = "dwarf-with-dsym";
				ENABLE_NS_ASSERTIONS = NO;
				ENABLE_STRICT_OBJC_MSGSEND = YES;
				GCC_C_LANGUAGE_STANDARD = gnu99;
				GCC_NO_COMMON_BLOCKS = YES;
				GCC_WARN_64_TO_32_BIT_CONVERSION = YES;
				GCC_WARN_ABOUT_RETURN_TYPE = YES_ERROR;
				GCC_WARN_UNDECLARED_SELECTOR = YES;
				GCC_WARN_UNINITIALIZED_AUTOS = YES_AGGRESSIVE;
				GCC_WARN_UNUSED_FUNCTION = YES;
				GCC_WARN_UNUSED_VARIABLE = YES;
				IPHONEOS_DEPLOYMENT_TARGET = 9.3;
				MTL_ENABLE_DEBUG_INFO = NO;
				SDKROOT = iphoneos;
				TARGETED_DEVICE_FAMILY = "1,2";
				VALIDATE_PRODUCT = YES;
			};
			name = Release;
		};
		5A3023511D229229006373C0 /* Debug */ = {
			isa = XCBuildConfiguration;
			buildSettings = {
				ASSETCATALOG_COMPILER_APPICON_NAME = AppIcon;
				CODE_SIGN_IDENTITY = "iPhone Developer";
				"CODE_SIGN_IDENTITY[sdk=iphoneos*]" = "iPhone Developer";
				INFOPLIST_FILE = PitchPerfect/Info.plist;
				LD_RUNPATH_SEARCH_PATHS = "$(inherited) @executable_path/Frameworks";
				PRODUCT_BUNDLE_IDENTIFIER = self.PitchPerfect;
				PRODUCT_NAME = "$(TARGET_NAME)";
				PROVISIONING_PROFILE = "";
			};
			name = Debug;
		};
		5A3023521D229229006373C0 /* Release */ = {
			isa = XCBuildConfiguration;
			buildSettings = {
				ASSETCATALOG_COMPILER_APPICON_NAME = AppIcon;
				CODE_SIGN_IDENTITY = "iPhone Developer";
				"CODE_SIGN_IDENTITY[sdk=iphoneos*]" = "iPhone Developer";
				INFOPLIST_FILE = PitchPerfect/Info.plist;
				LD_RUNPATH_SEARCH_PATHS = "$(inherited) @executable_path/Frameworks";
				PRODUCT_BUNDLE_IDENTIFIER = self.PitchPerfect;
				PRODUCT_NAME = "$(TARGET_NAME)";
				PROVISIONING_PROFILE = "";
			};
			name = Release;
		};
		5A3023541D229229006373C0 /* Debug */ = {
			isa = XCBuildConfiguration;
			buildSettings = {
				BUNDLE_LOADER = "$(TEST_HOST)";
				INFOPLIST_FILE = PitchPerfectTests/Info.plist;
				LD_RUNPATH_SEARCH_PATHS = "$(inherited) @executable_path/Frameworks @loader_path/Frameworks";
				PRODUCT_BUNDLE_IDENTIFIER = self.PitchPerfectTests;
				PRODUCT_NAME = "$(TARGET_NAME)";
				TEST_HOST = "$(BUILT_PRODUCTS_DIR)/PitchPerfect.app/PitchPerfect";
			};
			name = Debug;
		};
		5A3023551D229229006373C0 /* Release */ = {
			isa = XCBuildConfiguration;
			buildSettings = {
				BUNDLE_LOADER = "$(TEST_HOST)";
				INFOPLIST_FILE = PitchPerfectTests/Info.plist;
				LD_RUNPATH_SEARCH_PATHS = "$(inherited) @executable_path/Frameworks @loader_path/Frameworks";
				PRODUCT_BUNDLE_IDENTIFIER = self.PitchPerfectTests;
				PRODUCT_NAME = "$(TARGET_NAME)";
				TEST_HOST = "$(BUILT_PRODUCTS_DIR)/PitchPerfect.app/PitchPerfect";
			};
			name = Release;
		};
		5A3023571D229229006373C0 /* Debug */ = {
			isa = XCBuildConfiguration;
			buildSettings = {
				INFOPLIST_FILE = PitchPerfectUITests/Info.plist;
				LD_RUNPATH_SEARCH_PATHS = "$(inherited) @executable_path/Frameworks @loader_path/Frameworks";
				PRODUCT_BUNDLE_IDENTIFIER = self.PitchPerfectUITests;
				PRODUCT_NAME = "$(TARGET_NAME)";
				TEST_TARGET_NAME = PitchPerfect;
			};
			name = Debug;
		};
		5A3023581D229229006373C0 /* Release */ = {
			isa = XCBuildConfiguration;
			buildSettings = {
				INFOPLIST_FILE = PitchPerfectUITests/Info.plist;
				LD_RUNPATH_SEARCH_PATHS = "$(inherited) @executable_path/Frameworks @loader_path/Frameworks";
				PRODUCT_BUNDLE_IDENTIFIER = self.PitchPerfectUITests;
				PRODUCT_NAME = "$(TARGET_NAME)";
				TEST_TARGET_NAME = PitchPerfect;
			};
			name = Release;
		};
/* End XCBuildConfiguration section */

/* Begin XCConfigurationList section */
		5A3023231D229229006373C0 /* Build configuration list for PBXProject "PitchPerfect" */ = {
			isa = XCConfigurationList;
			buildConfigurations = (
				5A30234E1D229229006373C0 /* Debug */,
				5A30234F1D229229006373C0 /* Release */,
			);
			defaultConfigurationIsVisible = 0;
			defaultConfigurationName = Release;
		};
		5A3023501D229229006373C0 /* Build configuration list for PBXNativeTarget "PitchPerfect" */ = {
			isa = XCConfigurationList;
			buildConfigurations = (
				5A3023511D229229006373C0 /* Debug */,
				5A3023521D229229006373C0 /* Release */,
			);
			defaultConfigurationIsVisible = 0;
		};
		5A3023531D229229006373C0 /* Build configuration list for PBXNativeTarget "PitchPerfectTests" */ = {
			isa = XCConfigurationList;
			buildConfigurations = (
				5A3023541D229229006373C0 /* Debug */,
				5A3023551D229229006373C0 /* Release */,
			);
			defaultConfigurationIsVisible = 0;
		};
		5A3023561D229229006373C0 /* Build configuration list for PBXNativeTarget "PitchPerfectUITests" */ = {
			isa = XCConfigurationList;
			buildConfigurations = (
				5A3023571D229229006373C0 /* Debug */,
				5A3023581D229229006373C0 /* Release */,
			);
			defaultConfigurationIsVisible = 0;
		};
/* End XCConfigurationList section */
	};
	rootObject = 5A3023201D229229006373C0 /* Project object */;
}
